
Microsoft Visual Studio Solution File, Format Version 12.00
# Visual Studio Version 17
VisualStudioVersion = 17.6.33801.468
MinimumVisualStudioVersion = 10.0.40219.1
Project("{FAE04EC0-301F-11D3-BF4B-00C04F79EFBC}") = "newwebapp", "newwebapp\newwebapp.csproj", "{72C76CC4-6A02-47A0-8DCC-8D71261B251B}"
EndProject
Global
	GlobalSection(SolutionConfigurationPlatforms) = preSolution
		Debug|Any CPU = Debug|Any CPU
		Release|Any CPU = Release|Any CPU
	EndGlobalSection
	GlobalSection(ProjectConfigurationPlatforms) = postSolution
		{72C76CC4-6A02-47A0-8DCC-8D71261B251B}.Debug|Any CPU.ActiveCfg = Debug|Any CPU
		{72C76CC4-6A02-47A0-8DCC-8D71261B251B}.Debug|Any CPU.Build.0 = Debug|Any CPU
		{72C76CC4-6A02-47A0-8DCC-8D71261B251B}.Release|Any CPU.ActiveCfg = Release|Any CPU
		{72C76CC4-6A02-47A0-8DCC-8D71261B251B}.Release|Any CPU.Build.0 = Release|Any CPU
	EndGlobalSection
	GlobalSection(SolutionProperties) = preSolution
		HideSolutionNode = FALSE
	EndGlobalSection
	GlobalSection(ExtensibilityGlobals) = postSolution
		SolutionGuid = {6F3EF128-FCC3-47FB-84BC-5EB4366F1358}
	EndGlobalSection
EndGlobal
